# THIS IS AN AUTOGENERATED FILE. DO NOT EDIT THIS FILE DIRECTLY.
# yarn lockfile v1


"@vuepress/plugin-blog@1.0.0-alpha.32":
  version "1.0.0-alpha.32"
  resolved "https://registry.yarnpkg.com/@vuepress/plugin-blog/-/plugin-blog-1.0.0-alpha.32.tgz#e9cdd43c3253d804f23549d11d9f0ccd9bacec91"
  integrity sha512-GQDapngpxTEBeCgC58Viva6DuH0BhbgCLa62chPZtX1y144qYtQD3vDyuN33efRO4reeHPFHGYvX0L8lL9MvKQ==
